// !$*UTF8*$!
{
	archiveVersion = 1;
	classes = {
	};
	objectVersion = 51;
	objects = {

/* Begin PBXBuildFile section */
		153400F325B1511A00154046 /* Constant.swift in Sources */ = {isa = PBXBuildFile; fileRef = 153400F225B1511A00154046 /* Constant.swift */; };
		153400F625B153A100154046 /* FCollectionReference.swift in Sources */ = {isa = PBXBuildFile; fileRef = 153400F525B153A100154046 /* FCollectionReference.swift */; };
		153400FA25B154F000154046 /* FirebaseUserListener.swift in Sources */ = {isa = PBXBuildFile; fileRef = 153400F925B154F000154046 /* FirebaseUserListener.swift */; };
		155190C025A9B85E00307939 /* AppDelegate.swift in Sources */ = {isa = PBXBuildFile; fileRef = 155190BF25A9B85E00307939 /* AppDelegate.swift */; };
		155190C225A9B85E00307939 /* SceneDelegate.swift in Sources */ = {isa = PBXBuildFile; fileRef = 155190C125A9B85E00307939 /* SceneDelegate.swift */; };
		155190C425A9B85E00307939 /* LogingController.swift in Sources */ = {isa = PBXBuildFile; fileRef = 155190C325A9B85E00307939 /* LogingController.swift */; };
		155190C725A9B85E00307939 /* Main.storyboard in Resources */ = {isa = PBXBuildFile; fileRef = 155190C525A9B85E00307939 /* Main.storyboard */; };
		155190C925A9B85F00307939 /* Assets.xcassets in Resources */ = {isa = PBXBuildFile; fileRef = 155190C825A9B85F00307939 /* Assets.xcassets */; };
		155190CC25A9B85F00307939 /* LaunchScreen.storyboard in Resources */ = {isa = PBXBuildFile; fileRef = 155190CA25A9B85F00307939 /* LaunchScreen.storyboard */; };
		155190F825AA7EC000307939 /* GoogleService-Info.plist in Resources */ = {isa = PBXBuildFile; fileRef = 155190F725AA7EC000307939 /* GoogleService-Info.plist */; };
		15B1692E25B14E8400BFB970 /* User.swift in Sources */ = {isa = PBXBuildFile; fileRef = 15B1692D25B14E8400BFB970 /* User.swift */; };
		E91A52C69FFE0C6CC0009B95 /* Pods_Messanger_App.framework in Frameworks */ = {isa = PBXBuildFile; fileRef = BF9DA0E8B16D41160B5BEB7F /* Pods_Messanger_App.framework */; };
/* End PBXBuildFile section */

/* Begin PBXFileReference section */
		153400F225B1511A00154046 /* Constant.swift */ = {isa = PBXFileReference; lastKnownFileType = sourcecode.swift; path = Constant.swift; sourceTree = "<group>"; };
		153400F525B153A100154046 /* FCollectionReference.swift */ = {isa = PBXFileReference; lastKnownFileType = sourcecode.swift; path = FCollectionReference.swift; sourceTree = "<group>"; };
		153400F925B154F000154046 /* FirebaseUserListener.swift */ = {isa = PBXFileReference; lastKnownFileType = sourcecode.swift; path = FirebaseUserListener.swift; sourceTree = "<group>"; };
		155190BC25A9B85E00307939 /* Messanger-App.app */ = {isa = PBXFileReference; explicitFileType = wrapper.application; includeInIndex = 0; path = "Messanger-App.app"; sourceTree = BUILT_PRODUCTS_DIR; };
		155190BF25A9B85E00307939 /* AppDelegate.swift */ = {isa = PBXFileReference; lastKnownFileType = sourcecode.swift; path = AppDelegate.swift; sourceTree = "<group>"; };
		155190C125A9B85E00307939 /* SceneDelegate.swift */ = {isa = PBXFileReference; lastKnownFileType = sourcecode.swift; path = SceneDelegate.swift; sourceTree = "<group>"; };
		155190C325A9B85E00307939 /* LogingController.swift */ = {isa = PBXFileReference; lastKnownFileType = sourcecode.swift; path = LogingController.swift; sourceTree = "<group>"; };
		155190C625A9B85E00307939 /* Base */ = {isa = PBXFileReference; lastKnownFileType = file.storyboard; name = Base; path = Base.lproj/Main.storyboard; sourceTree = "<group>"; };
		155190C825A9B85F00307939 /* Assets.xcassets */ = {isa = PBXFileReference; lastKnownFileType = folder.assetcatalog; path = Assets.xcassets; sourceTree = "<group>"; };
		155190CB25A9B85F00307939 /* Base */ = {isa = PBXFileReference; lastKnownFileType = file.storyboard; name = Base; path = Base.lproj/LaunchScreen.storyboard; sourceTree = "<group>"; };
		155190CD25A9B85F00307939 /* Info.plist */ = {isa = PBXFileReference; lastKnownFileType = text.plist.xml; path = Info.plist; sourceTree = "<group>"; };
		155190F725AA7EC000307939 /* GoogleService-Info.plist */ = {isa = PBXFileReference; fileEncoding = 4; lastKnownFileType = text.plist.xml; path = "GoogleService-Info.plist"; sourceTree = "<group>"; };
		15B1692D25B14E8400BFB970 /* User.swift */ = {isa = PBXFileReference; lastKnownFileType = sourcecode.swift; path = User.swift; sourceTree = "<group>"; };
		8EC3D1B0D884B6272EF4C3A2 /* Pods-Messanger-App.release.xcconfig */ = {isa = PBXFileReference; includeInIndex = 1; lastKnownFileType = text.xcconfig; name = "Pods-Messanger-App.release.xcconfig"; path = "Target Support Files/Pods-Messanger-App/Pods-Messanger-App.release.xcconfig"; sourceTree = "<group>"; };
		BF9DA0E8B16D41160B5BEB7F /* Pods_Messanger_App.framework */ = {isa = PBXFileReference; explicitFileType = wrapper.framework; includeInIndex = 0; path = Pods_Messanger_App.framework; sourceTree = BUILT_PRODUCTS_DIR; };
		E16A2EFB9FB4047724628C5D /* Pods-Messanger-App.debug.xcconfig */ = {isa = PBXFileReference; includeInIndex = 1; lastKnownFileType = text.xcconfig; name = "Pods-Messanger-App.debug.xcconfig"; path = "Target Support Files/Pods-Messanger-App/Pods-Messanger-App.debug.xcconfig"; sourceTree = "<group>"; };
/* End PBXFileReference section */

/* Begin PBXFrameworksBuildPhase section */
		155190B925A9B85E00307939 /* Frameworks */ = {
			isa = PBXFrameworksBuildPhase;
			buildActionMask = 2147483647;
			files = (
				E91A52C69FFE0C6CC0009B95 /* Pods_Messanger_App.framework in Frameworks */,
			);
			runOnlyForDeploymentPostprocessing = 0;
		};
/* End PBXFrameworksBuildPhase section */

/* Begin PBXGroup section */
		153400F825B1549700154046 /* FirebaseHelpers */ = {
			isa = PBXGroup;
			children = (
				153400F925B154F000154046 /* FirebaseUserListener.swift */,
			);
			path = FirebaseHelpers;
			sourceTree = "<group>";
		};
		155190B325A9B85E00307939 = {
			isa = PBXGroup;
			children = (
				155190BE25A9B85E00307939 /* Messanger-App */,
				155190BD25A9B85E00307939 /* Products */,
				16889BAE4C80E8756998CD51 /* Pods */,
				5C00F8FD83BF19E679065ED7 /* Frameworks */,
			);
			sourceTree = "<group>";
		};
		155190BD25A9B85E00307939 /* Products */ = {
			isa = PBXGroup;
			children = (
				155190BC25A9B85E00307939 /* Messanger-App.app */,
			);
			name = Products;
			sourceTree = "<group>";
		};
		155190BE25A9B85E00307939 /* Messanger-App */ = {
			isa = PBXGroup;
			children = (
				153400F825B1549700154046 /* FirebaseHelpers */,
				155190F725AA7EC000307939 /* GoogleService-Info.plist */,
				155190BF25A9B85E00307939 /* AppDelegate.swift */,
				155190C125A9B85E00307939 /* SceneDelegate.swift */,
				155190C325A9B85E00307939 /* LogingController.swift */,
				155190C525A9B85E00307939 /* Main.storyboard */,
				155190C825A9B85F00307939 /* Assets.xcassets */,
				155190CA25A9B85F00307939 /* LaunchScreen.storyboard */,
				155190CD25A9B85F00307939 /* Info.plist */,
				15B1693025B14E8F00BFB970 /* Model */,
				153400F225B1511A00154046 /* Constant.swift */,
				153400F525B153A100154046 /* FCollectionReference.swift */,
			);
			path = "Messanger-App";
			sourceTree = "<group>";
		};
		15B1693025B14E8F00BFB970 /* Model */ = {
			isa = PBXGroup;
			children = (
				15B1692D25B14E8400BFB970 /* User.swift */,
			);
			path = Model;
			sourceTree = "<group>";
		};
		16889BAE4C80E8756998CD51 /* Pods */ = {
			isa = PBXGroup;
			children = (
				E16A2EFB9FB4047724628C5D /* Pods-Messanger-App.debug.xcconfig */,
				8EC3D1B0D884B6272EF4C3A2 /* Pods-Messanger-App.release.xcconfig */,
			);
			path = Pods;
			sourceTree = "<group>";
		};
		5C00F8FD83BF19E679065ED7 /* Frameworks */ = {
			isa = PBXGroup;
			children = (
				BF9DA0E8B16D41160B5BEB7F /* Pods_Messanger_App.framework */,
			);
			name = Frameworks;
			sourceTree = "<group>";
		};
/* End PBXGroup section */

/* Begin PBXNativeTarget section */
		155190BB25A9B85E00307939 /* Messanger-App */ = {
			isa = PBXNativeTarget;
			buildConfigurationList = 155190D025A9B85F00307939 /* Build configuration list for PBXNativeTarget "Messanger-App" */;
			buildPhases = (
				5F64EC07610B741EB949AE22 /* [CP] Check Pods Manifest.lock */,
				155190B825A9B85E00307939 /* Sources */,
				155190B925A9B85E00307939 /* Frameworks */,
				155190BA25A9B85E00307939 /* Resources */,
				5C6AA0DFF117252400914877 /* [CP] Embed Pods Frameworks */,
			);
			buildRules = (
			);
			dependencies = (
			);
			name = "Messanger-App";
			productName = "Messanger-App";
			productReference = 155190BC25A9B85E00307939 /* Messanger-App.app */;
			productType = "com.apple.product-type.application";
		};
/* End PBXNativeTarget section */

/* Begin PBXProject section */
		155190B425A9B85E00307939 /* Project object */ = {
			isa = PBXProject;
			attributes = {
				LastSwiftUpdateCheck = 1220;
				LastUpgradeCheck = 1220;
				TargetAttributes = {
					155190BB25A9B85E00307939 = {
						CreatedOnToolsVersion = 12.2;
					};
				};
			};
			buildConfigurationList = 155190B725A9B85E00307939 /* Build configuration list for PBXProject "Messanger-App" */;
			compatibilityVersion = "Xcode 9.3";
			developmentRegion = en;
			hasScannedForEncodings = 0;
			knownRegions = (
				en,
				Base,
			);
			mainGroup = 155190B325A9B85E00307939;
			productRefGroup = 155190BD25A9B85E00307939 /* Products */;
			projectDirPath = "";
			projectRoot = "";
			targets = (
				155190BB25A9B85E00307939 /* Messanger-App */,
			);
		};
/* End PBXProject section */

/* Begin PBXResourcesBuildPhase section */
		155190BA25A9B85E00307939 /* Resources */ = {
			isa = PBXResourcesBuildPhase;
			buildActionMask = 2147483647;
			files = (
				155190CC25A9B85F00307939 /* LaunchScreen.storyboard in Resources */,
				155190F825AA7EC000307939 /* GoogleService-Info.plist in Resources */,
				155190C925A9B85F00307939 /* Assets.xcassets in Resources */,
				155190C725A9B85E00307939 /* Main.storyboard in Resources */,
			);
			runOnlyForDeploymentPostprocessing = 0;
		};
/* End PBXResourcesBuildPhase section */

/* Begin PBXShellScriptBuildPhase section */
		5C6AA0DFF117252400914877 /* [CP] Embed Pods Frameworks */ = {
			isa = PBXShellScriptBuildPhase;
			buildActionMask = 2147483647;
			files = (
			);
			inputFileListPaths = (
				"${PODS_ROOT}/Target Support Files/Pods-Messanger-App/Pods-Messanger-App-frameworks-${CONFIGURATION}-input-files.xcfilelist",
			);
			name = "[CP] Embed Pods Frameworks";
			outputFileListPaths = (
				"${PODS_ROOT}/Target Support Files/Pods-Messanger-App/Pods-Messanger-App-frameworks-${CONFIGURATION}-output-files.xcfilelist",
			);
			runOnlyForDeploymentPostprocessing = 0;
			shellPath = /bin/sh;
			shellScript = "\"${PODS_ROOT}/Target Support Files/Pods-Messanger-App/Pods-Messanger-App-frameworks.sh\"\n";
			showEnvVarsInLog = 0;
		};
		5F64EC07610B741EB949AE22 /* [CP] Check Pods Manifest.lock */ = {
			isa = PBXShellScriptBuildPhase;
			buildActionMask = 2147483647;
			files = (
			);
			inputFileListPaths = (
			);
			inputPaths = (
				"${PODS_PODFILE_DIR_PATH}/Podfile.lock",
				"${PODS_ROOT}/Manifest.lock",
			);
			name = "[CP] Check Pods Manifest.lock";
			outputFileListPaths = (
			);
			outputPaths = (
				"$(DERIVED_FILE_DIR)/Pods-Messanger-App-checkManifestLockResult.txt",
			);
			runOnlyForDeploymentPostprocessing = 0;
			shellPath = /bin/sh;
			shellScript = "diff \"${PODS_PODFILE_DIR_PATH}/Podfile.lock\" \"${PODS_ROOT}/Manifest.lock\" > /dev/null\nif [ $? != 0 ] ; then\n    # print error to STDERR\n    echo \"error: The sandbox is not in sync with the Podfile.lock. Run 'pod install' or update your CocoaPods installation.\" >&2\n    exit 1\nfi\n# This output is used by Xcode 'outputs' to avoid re-running this script phase.\necho \"SUCCESS\" > \"${SCRIPT_OUTPUT_FILE_0}\"\n";
			showEnvVarsInLog = 0;
		};
/* End PBXShellScriptBuildPhase section */

/* Begin PBXSourcesBuildPhase section */
		155190B825A9B85E00307939 /* Sources */ = {
			isa = PBXSourcesBuildPhase;
			buildActionMask = 2147483647;
			files = (
				153400F625B153A100154046 /* FCollectionReference.swift in Sources */,
				15B1692E25B14E8400BFB970 /* User.swift in Sources */,
				155190C425A9B85E00307939 /* LogingController.swift in Sources */,
				153400F325B1511A00154046 /* Constant.swift in Sources */,
				155190C025A9B85E00307939 /* AppDelegate.swift in Sources */,
				153400FA25B154F000154046 /* FirebaseUserListener.swift in Sources */,
				155190C225A9B85E00307939 /* SceneDelegate.swift in Sources */,
			);
			runOnlyForDeploymentPostprocessing = 0;
		};
/* End PBXSourcesBuildPhase section */

/* Begin PBXVariantGroup section */
		155190C525A9B85E00307939 /* Main.storyboard */ = {
			isa = PBXVariantGroup;
			children = (
				155190C625A9B85E00307939 /* Base */,
			);
			name = Main.storyboard;
			sourceTree = "<group>";
		};
		155190CA25A9B85F00307939 /* LaunchScreen.storyboard */ = {
			isa = PBXVariantGroup;
			children = (
				155190CB25A9B85F00307939 /* Base */,
			);
			name = LaunchScreen.storyboard;
			sourceTree = "<group>";
		};
/* End PBXVariantGroup section */

/* Begin XCBuildConfiguration section */
		155190CE25A9B85F00307939 /* Debug */ = {
			isa = XCBuildConfiguration;
			buildSettings = {
				ALWAYS_SEARCH_USER_PATHS = NO;
				CLANG_ANALYZER_NONNULL = YES;
				CLANG_ANALYZER_NUMBER_OBJECT_CONVERSION = YES_AGGRESSIVE;
				CLANG_CXX_LANGUAGE_STANDARD = "gnu++14";
				CLANG_CXX_LIBRARY = "libc++";
				CLANG_ENABLE_MODULES = YES;
				CLANG_ENABLE_OBJC_ARC = YES;
				CLANG_ENABLE_OBJC_WEAK = YES;
				CLANG_WARN_BLOCK_CAPTURE_AUTORELEASING = YES;
				CLANG_WARN_BOOL_CONVERSION = YES;
				CLANG_WARN_COMMA = YES;
				CLANG_WARN_CONSTANT_CONVERSION = YES;
				CLANG_WARN_DEPRECATED_OBJC_IMPLEMENTATIONS = YES;
				CLANG_WARN_DIRECT_OBJC_ISA_USAGE = YES_ERROR;
				CLANG_WARN_DOCUMENTATION_COMMENTS = YES;
				CLANG_WARN_EMPTY_BODY = YES;
				CLANG_WARN_ENUM_CONVERSION = YES;
				CLANG_WARN_INFINITE_RECURSION = YES;
				CLANG_WARN_INT_CONVERSION = YES;
				CLANG_WARN_NON_LITERAL_NULL_CONVERSION = YES;
				CLANG_WARN_OBJC_IMPLICIT_RETAIN_SELF = YES;
				CLANG_WARN_OBJC_LITERAL_CONVERSION = YES;
				CLANG_WARN_OBJC_ROOT_CLASS = YES_ERROR;
				CLANG_WARN_QUOTED_INCLUDE_IN_FRAMEWORK_HEADER = YES;
				CLANG_WARN_RANGE_LOOP_ANALYSIS = YES;
				CLANG_WARN_STRICT_PROTOTYPES = YES;
				CLANG_WARN_SUSPICIOUS_MOVE = YES;
				CLANG_WARN_UNGUARDED_AVAILABILITY = YES_AGGRESSIVE;
				CLANG_WARN_UNREACHABLE_CODE = YES;
				CLANG_WARN__DUPLICATE_METHOD_MATCH = YES;
				COPY_PHASE_STRIP = NO;
				DEBUG_INFORMATION_FORMAT = dwarf;
				ENABLE_STRICT_OBJC_MSGSEND = YES;
				ENABLE_TESTABILITY = YES;
				GCC_C_LANGUAGE_STANDARD = gnu11;
				GCC_DYNAMIC_NO_PIC = NO;
				GCC_NO_COMMON_BLOCKS = YES;
				GCC_OPTIMIZATION_LEVEL = 0;
				GCC_PREPROCESSOR_DEFINITIONS = (
					"DEBUG=1",
					"$(inherited)",
				);
				GCC_WARN_64_TO_32_BIT_CONVERSION = YES;
				GCC_WARN_ABOUT_RETURN_TYPE = YES_ERROR;
				GCC_WARN_UNDECLARED_SELECTOR = YES;
				GCC_WARN_UNINITIALIZED_AUTOS = YES_AGGRESSIVE;
				GCC_WARN_UNUSED_FUNCTION = YES;
				GCC_WARN_UNUSED_VARIABLE = YES;
				IPHONEOS_DEPLOYMENT_TARGET = 14.2;
				MTL_ENABLE_DEBUG_INFO = INCLUDE_SOURCE;
				MTL_FAST_MATH = YES;
				ONLY_ACTIVE_ARCH = YES;
				SDKROOT = iphoneos;
				SWIFT_ACTIVE_COMPILATION_CONDITIONS = DEBUG;
				SWIFT_OPTIMIZATION_LEVEL = "-Onone";
			};
			name = Debug;
		};
		155190CF25A9B85F00307939 /* Release */ = {
			isa = XCBuildConfiguration;
			buildSettings = {
				ALWAYS_SEARCH_USER_PATHS = NO;
				CLANG_ANALYZER_NONNULL = YES;
				CLANG_ANALYZER_NUMBER_OBJECT_CONVERSION = YES_AGGRESSIVE;
				CLANG_CXX_LANGUAGE_STANDARD = "gnu++14";
				CLANG_CXX_LIBRARY = "libc++";
				CLANG_ENABLE_MODULES = YES;
				CLANG_ENABLE_OBJC_ARC = YES;
				CLANG_ENABLE_OBJC_WEAK = YES;
				CLANG_WARN_BLOCK_CAPTURE_AUTORELEASING = YES;
				CLANG_WARN_BOOL_CONVERSION = YES;
				CLANG_WARN_COMMA = YES;
				CLANG_WARN_CONSTANT_CONVERSION = YES;
				CLANG_WARN_DEPRECATED_OBJC_IMPLEMENTATIONS = YES;
				CLANG_WARN_DIRECT_OBJC_ISA_USAGE = YES_ERROR;
				CLANG_WARN_DOCUMENTATION_COMMENTS = YES;
				CLANG_WARN_EMPTY_BODY = YES;
				CLANG_WARN_ENUM_CONVERSION = YES;
				CLANG_WARN_INFINITE_RECURSION = YES;
				CLANG_WARN_INT_CONVERSION = YES;
				CLANG_WARN_NON_LITERAL_NULL_CONVERSION = YES;
				CLANG_WARN_OBJC_IMPLICIT_RETAIN_SELF = YES;
				CLANG_WARN_OBJC_LITERAL_CONVERSION = YES;
				CLANG_WARN_OBJC_ROOT_CLASS = YES_ERROR;
				CLANG_WARN_QUOTED_INCLUDE_IN_FRAMEWORK_HEADER = YES;
				CLANG_WARN_RANGE_LOOP_ANALYSIS = YES;
				CLANG_WARN_STRICT_PROTOTYPES = YES;
				CLANG_WARN_SUSPICIOUS_MOVE = YES;
				CLANG_WARN_UNGUARDED_AVAILABILITY = YES_AGGRESSIVE;
				CLANG_WARN_UNREACHABLE_CODE = YES;
				CLANG_WARN__DUPLICATE_METHOD_MATCH = YES;
				COPY_PHASE_STRIP = NO;
				DEBUG_INFORMATION_FORMAT = "dwarf-with-dsym";
				ENABLE_NS_ASSERTIONS = NO;
				ENABLE_STRICT_OBJC_MSGSEND = YES;
				GCC_C_LANGUAGE_STANDARD = gnu11;
				GCC_NO_COMMON_BLOCKS = YES;
				GCC_WARN_64_TO_32_BIT_CONVERSION = YES;
				GCC_WARN_ABOUT_RETURN_TYPE = YES_ERROR;
				GCC_WARN_UNDECLARED_SELECTOR = YES;
				GCC_WARN_UNINITIALIZED_AUTOS = YES_AGGRESSIVE;
				GCC_WARN_UNUSED_FUNCTION = YES;
				GCC_WARN_UNUSED_VARIABLE = YES;
				IPHONEOS_DEPLOYMENT_TARGET = 14.2;
				MTL_ENABLE_DEBUG_INFO = NO;
				MTL_FAST_MATH = YES;
				SDKROOT = iphoneos;
				SWIFT_COMPILATION_MODE = wholemodule;
				SWIFT_OPTIMIZATION_LEVEL = "-O";
				VALIDATE_PRODUCT = YES;
			};
			name = Release;
		};
		155190D125A9B85F00307939 /* Debug */ = {
			isa = XCBuildConfiguration;
			baseConfigurationReference = E16A2EFB9FB4047724628C5D /* Pods-Messanger-App.debug.xcconfig */;
			buildSettings = {
				ASSETCATALOG_COMPILER_APPICON_NAME = AppIcon;
				ASSETCATALOG_COMPILER_GLOBAL_ACCENT_COLOR_NAME = AccentColor;
				CODE_SIGN_STYLE = Automatic;
				DEVELOPMENT_TEAM = ATGLF89TD8;
				INFOPLIST_FILE = "Messanger-App/Info.plist";
				LD_RUNPATH_SEARCH_PATHS = (
					"$(inherited)",
					"@executable_path/Frameworks",
				);
				PRODUCT_BUNDLE_IDENTIFIER = "com.app.studentProyect.Messanger-App";
				PRODUCT_NAME = "$(TARGET_NAME)";
				SWIFT_VERSION = 5.0;
				TARGETED_DEVICE_FAMILY = "1,2";
			};
			name = Debug;
		};
		155190D225A9B85F00307939 /* Release */ = {
			isa = XCBuildConfiguration;
			baseConfigurationReference = 8EC3D1B0D884B6272EF4C3A2 /* Pods-Messanger-App.release.xcconfig */;
			buildSettings = {
				ASSETCATALOG_COMPILER_APPICON_NAME = AppIcon;
				ASSETCATALOG_COMPILER_GLOBAL_ACCENT_COLOR_NAME = AccentColor;
				CODE_SIGN_STYLE = Automatic;
				DEVELOPMENT_TEAM = ATGLF89TD8;
				INFOPLIST_FILE = "Messanger-App/Info.plist";
				LD_RUNPATH_SEARCH_PATHS = (
					"$(inherited)",
					"@executable_path/Frameworks",
				);
				PRODUCT_BUNDLE_IDENTIFIER = "com.app.studentProyect.Messanger-App";
				PRODUCT_NAME = "$(TARGET_NAME)";
				SWIFT_VERSION = 5.0;
				TARGETED_DEVICE_FAMILY = "1,2";
			};
			name = Release;
		};
/* End XCBuildConfiguration section */

/* Begin XCConfigurationList section */
		155190B725A9B85E00307939 /* Build configuration list for PBXProject "Messanger-App" */ = {
			isa = XCConfigurationList;
			buildConfigurations = (
				155190CE25A9B85F00307939 /* Debug */,
				155190CF25A9B85F00307939 /* Release */,
			);
			defaultConfigurationIsVisible = 0;
			defaultConfigurationName = Release;
		};
		155190D025A9B85F00307939 /* Build configuration list for PBXNativeTarget "Messanger-App" */ = {
			isa = XCConfigurationList;
			buildConfigurations = (
				155190D125A9B85F00307939 /* Debug */,
				155190D225A9B85F00307939 /* Release */,
			);
			defaultConfigurationIsVisible = 0;
			defaultConfigurationName = Release;
		};
/* End XCConfigurationList section */
	};
	rootObject = 155190B425A9B85E00307939 /* Project object */;
}
